lockfileVersion: 5.4

specifiers:
  vitest: ^0.29.8

devDependencies:
  vitest: registry.npmmirror.com/vitest/0.29.8

packages:

  registry.npmmirror.com/@esbuild/android-arm/0.17.15:
    resolution: {integrity: sha512-sRSOVlLawAktpMvDyJIkdLI/c/kdRTOqo8t6ImVxg8yT7LQDUYV5Rp2FKeEosLr6ZCja9UjYAzyRSxGteSJPYg==, registry: https://registry.npm.taobao.org/, tarball: https://registry.npmmirror.com/@esbuild/android-arm/-/android-arm-0.17.15.tgz}
    name: '@esbuild/android-arm'
    version: 0.17.15
    engines: {node: '>=12'}
    cpu: [arm]
    os: [android]
    requiresBuild: true
    dev: true
    optional: true

  registry.npmmirror.com/@esbuild/android-arm64/0.17.15:
    resolution: {integrity: sha512-0kOB6Y7Br3KDVgHeg8PRcvfLkq+AccreK///B4Z6fNZGr/tNHX0z2VywCc7PTeWp+bPvjA5WMvNXltHw5QjAIA==, registry: https://registry.npm.taobao.org/, tarball: https://registry.npmmirror.com/@esbuild/android-arm64/-/android-arm64-0.17.15.tgz}
    name: '@esbuild/android-arm64'
    version: 0.17.15
    engines: {node: '>=12'}
    cpu: [arm64]
    os: [android]
    requiresBuild: true
    dev: true
    optional: true

  registry.npmmirror.com/@esbuild/android-x64/0.17.15:
    resolution: {integrity: sha512-MzDqnNajQZ63YkaUWVl9uuhcWyEyh69HGpMIrf+acR4otMkfLJ4sUCxqwbCyPGicE9dVlrysI3lMcDBjGiBBcQ==, registry: https://registry.npm.taobao.org/, tarball: https://registry.npmmirror.com/@esbuild/android-x64/-/android-x64-0.17.15.tgz}
    name: '@esbuild/android-x64'
    version: 0.17.15
    engines: {node: '>=12'}
    cpu: [x64]
    os: [android]
    requiresBuild: true
    dev: true
    optional: true

  registry.npmmirror.com/@esbuild/darwin-arm64/0.17.15:
    resolution: {integrity: sha512-7siLjBc88Z4+6qkMDxPT2juf2e8SJxmsbNVKFY2ifWCDT72v5YJz9arlvBw5oB4W/e61H1+HDB/jnu8nNg0rLA==, registry: https://registry.npm.taobao.org/, tarball: https://registry.npmmirror.com/@esbuild/darwin-arm64/-/darwin-arm64-0.17.15.tgz}
    name: '@esbuild/darwin-arm64'
    version: 0.17.15
    engines: {node: '>=12'}
    cpu: [arm64]
    os: [darwin]
    requiresBuild: true
    dev: true
    optional: true

  registry.npmmirror.com/@esbuild/darwin-x64/0.17.15:
    resolution: {integrity: sha512-NbImBas2rXwYI52BOKTW342Tm3LTeVlaOQ4QPZ7XuWNKiO226DisFk/RyPk3T0CKZkKMuU69yOvlapJEmax7cg==, registry: https://registry.npm.taobao.org/, tarball: https://registry.npmmirror.com/@esbuild/darwin-x64/-/darwin-x64-0.17.15.tgz}
    name: '@esbuild/darwin-x64'
    version: 0.17.15
    engines: {node: '>=12'}
    cpu: [x64]
    os: [darwin]
    requiresBuild: true
    dev: true
    optional: true

  registry.npmmirror.com/@esbuild/freebsd-arm64/0.17.15:
    resolution: {integrity: sha512-Xk9xMDjBVG6CfgoqlVczHAdJnCs0/oeFOspFap5NkYAmRCT2qTn1vJWA2f419iMtsHSLm+O8B6SLV/HlY5cYKg==, registry: https://registry.npm.taobao.org/, tarball: https://registry.npmmirror.com/@esbuild/freebsd-arm64/-/freebsd-arm64-0.17.15.tgz}
    name: '@esbuild/freebsd-arm64'
    version: 0.17.15
    engines: {node: '>=12'}
    cpu: [arm64]
    os: [freebsd]
    requiresBuild: true
    dev: true
    optional: true

  registry.npmmirror.com/@esbuild/freebsd-x64/0.17.15:
    resolution: {integrity: sha512-3TWAnnEOdclvb2pnfsTWtdwthPfOz7qAfcwDLcfZyGJwm1SRZIMOeB5FODVhnM93mFSPsHB9b/PmxNNbSnd0RQ==, registry: https://registry.npm.taobao.org/, tarball: https://registry.npmmirror.com/@esbuild/freebsd-x64/-/freebsd-x64-0.17.15.tgz}
    name: '@esbuild/freebsd-x64'
    version: 0.17.15
    engines: {node: '>=12'}
    cpu: [x64]
    os: [freebsd]
    requiresBuild: true
    dev: true
    optional: true

  registry.npmmirror.com/@esbuild/linux-arm/0.17.15:
    resolution: {integrity: sha512-MLTgiXWEMAMr8nmS9Gigx43zPRmEfeBfGCwxFQEMgJ5MC53QKajaclW6XDPjwJvhbebv+RzK05TQjvH3/aM4Xw==, registry: https://registry.npm.taobao.org/, tarball: https://registry.npmmirror.com/@esbuild/linux-arm/-/linux-arm-0.17.15.tgz}
    name: '@esbuild/linux-arm'
    version: 0.17.15
    engines: {node: '>=12'}
    cpu: [arm]
    os: [linux]
    requiresBuild: true
    dev: true
    optional: true

  registry.npmmirror.com/@esbuild/linux-arm64/0.17.15:
    resolution: {integrity: sha512-T0MVnYw9KT6b83/SqyznTs/3Jg2ODWrZfNccg11XjDehIved2oQfrX/wVuev9N936BpMRaTR9I1J0tdGgUgpJA==, registry: https://registry.npm.taobao.org/, tarball: https://registry.npmmirror.com/@esbuild/linux-arm64/-/linux-arm64-0.17.15.tgz}
    name: '@esbuild/linux-arm64'
    version: 0.17.15
    engines: {node: '>=12'}
    cpu: [arm64]
    os: [linux]
    requiresBuild: true
    dev: true
    optional: true

  registry.npmmirror.com/@esbuild/linux-ia32/0.17.15:
    resolution: {integrity: sha512-wp02sHs015T23zsQtU4Cj57WiteiuASHlD7rXjKUyAGYzlOKDAjqK6bk5dMi2QEl/KVOcsjwL36kD+WW7vJt8Q==, registry: https://registry.npm.taobao.org/, tarball: https://registry.npmmirror.com/@esbuild/linux-ia32/-/linux-ia32-0.17.15.tgz}
    name: '@esbuild/linux-ia32'
    version: 0.17.15
    engines: {node: '>=12'}
    cpu: [ia32]
    os: [linux]
    requiresBuild: true
    dev: true
    optional: true

  registry.npmmirror.com/@esbuild/linux-loong64/0.17.15:
    resolution: {integrity: sha512-k7FsUJjGGSxwnBmMh8d7IbObWu+sF/qbwc+xKZkBe/lTAF16RqxRCnNHA7QTd3oS2AfGBAnHlXL67shV5bBThQ==, registry: https://registry.npm.taobao.org/, tarball: https://registry.npmmirror.com/@esbuild/linux-loong64/-/linux-loong64-0.17.15.tgz}
    name: '@esbuild/linux-loong64'
    version: 0.17.15
    engines: {node: '>=12'}
    cpu: [loong64]
    os: [linux]
    requiresBuild: true
    dev: true
    optional: true

  registry.npmmirror.com/@esbuild/linux-mips64el/0.17.15:
    resolution: {integrity: sha512-ZLWk6czDdog+Q9kE/Jfbilu24vEe/iW/Sj2d8EVsmiixQ1rM2RKH2n36qfxK4e8tVcaXkvuV3mU5zTZviE+NVQ==, registry: https://registry.npm.taobao.org/, tarball: https://registry.npmmirror.com/@esbuild/linux-mips64el/-/linux-mips64el-0.17.15.tgz}
    name: '@esbuild/linux-mips64el'
    version: 0.17.15
    engines: {node: '>=12'}
    cpu: [mips64el]
    os: [linux]
    requiresBuild: true
    dev: true
    optional: true

  registry.npmmirror.com/@esbuild/linux-ppc64/0.17.15:
    resolution: {integrity: sha512-mY6dPkIRAiFHRsGfOYZC8Q9rmr8vOBZBme0/j15zFUKM99d4ILY4WpOC7i/LqoY+RE7KaMaSfvY8CqjJtuO4xg==, registry: https://registry.npm.taobao.org/, tarball: https://registry.npmmirror.com/@esbuild/linux-ppc64/-/linux-ppc64-0.17.15.tgz}
    name: '@esbuild/linux-ppc64'
    version: 0.17.15
    engines: {node: '>=12'}
    cpu: [ppc64]
    os: [linux]
    requiresBuild: true
    dev: true
    optional: true

  registry.npmmirror.com/@esbuild/linux-riscv64/0.17.15:
    resolution: {integrity: sha512-EcyUtxffdDtWjjwIH8sKzpDRLcVtqANooMNASO59y+xmqqRYBBM7xVLQhqF7nksIbm2yHABptoioS9RAbVMWVA==, registry: https://registry.npm.taobao.org/, tarball: https://registry.npmmirror.com/@esbuild/linux-riscv64/-/linux-riscv64-0.17.15.tgz}
    name: '@esbuild/linux-riscv64'
    version: 0.17.15
    engines: {node: '>=12'}
    cpu: [riscv64]
    os: [linux]
    requiresBuild: true
    dev: true
    optional: true

  registry.npmmirror.com/@esbuild/linux-s390x/0.17.15:
    resolution: {integrity: sha512-BuS6Jx/ezxFuHxgsfvz7T4g4YlVrmCmg7UAwboeyNNg0OzNzKsIZXpr3Sb/ZREDXWgt48RO4UQRDBxJN3B9Rbg==, registry: https://registry.npm.taobao.org/, tarball: https://registry.npmmirror.com/@esbuild/linux-s390x/-/linux-s390x-0.17.15.tgz}
    name: '@esbuild/linux-s390x'
    version: 0.17.15
    engines: {node: '>=12'}
    cpu: [s390x]
    os: [linux]
    requiresBuild: true
    dev: true
    optional: true

  registry.npmmirror.com/@esbuild/linux-x64/0.17.15:
    resolution: {integrity: sha512-JsdS0EgEViwuKsw5tiJQo9UdQdUJYuB+Mf6HxtJSPN35vez1hlrNb1KajvKWF5Sa35j17+rW1ECEO9iNrIXbNg==, registry: https://registry.npm.taobao.org/, tarball: https://registry.npmmirror.com/@esbuild/linux-x64/-/linux-x64-0.17.15.tgz}
    name: '@esbuild/linux-x64'
    version: 0.17.15
    engines: {node: '>=12'}
    cpu: [x64]
    os: [linux]
    requiresBuild: true
    dev: true
    optional: true

  registry.npmmirror.com/@esbuild/netbsd-x64/0.17.15:
    resolution: {integrity: sha512-R6fKjtUysYGym6uXf6qyNephVUQAGtf3n2RCsOST/neIwPqRWcnc3ogcielOd6pT+J0RDR1RGcy0ZY7d3uHVLA==, registry: https://registry.npm.taobao.org/, tarball: https://registry.npmmirror.com/@esbuild/netbsd-x64/-/netbsd-x64-0.17.15.tgz}
    name: '@esbuild/netbsd-x64'
    version: 0.17.15
    engines: {node: '>=12'}
    cpu: [x64]
    os: [netbsd]
    requiresBuild: true
    dev: true
    optional: true

  registry.npmmirror.com/@esbuild/openbsd-x64/0.17.15:
    resolution: {integrity: sha512-mVD4PGc26b8PI60QaPUltYKeSX0wxuy0AltC+WCTFwvKCq2+OgLP4+fFd+hZXzO2xW1HPKcytZBdjqL6FQFa7w==, registry: https://registry.npm.taobao.org/, tarball: https://registry.npmmirror.com/@esbuild/openbsd-x64/-/openbsd-x64-0.17.15.tgz}
    name: '@esbuild/openbsd-x64'
    version: 0.17.15
    engines: {node: '>=12'}
    cpu: [x64]
    os: [openbsd]
    requiresBuild: true
    dev: true
    optional: true

  registry.npmmirror.com/@esbuild/sunos-x64/0.17.15:
    resolution: {integrity: sha512-U6tYPovOkw3459t2CBwGcFYfFRjivcJJc1WC8Q3funIwX8x4fP+R6xL/QuTPNGOblbq/EUDxj9GU+dWKX0oWlQ==, registry: https://registry.npm.taobao.org/, tarball: https://registry.npmmirror.com/@esbuild/sunos-x64/-/sunos-x64-0.17.15.tgz}
    name: '@esbuild/sunos-x64'
    version: 0.17.15
    engines: {node: '>=12'}
    cpu: [x64]
    os: [sunos]
    requiresBuild: true
    dev: true
    optional: true

  registry.npmmirror.com/@esbuild/win32-arm64/0.17.15:
    resolution: {integrity: sha512-W+Z5F++wgKAleDABemiyXVnzXgvRFs+GVKThSI+mGgleLWluv0D7Diz4oQpgdpNzh4i2nNDzQtWbjJiqutRp6Q==, registry: https://registry.npm.taobao.org/, tarball: https://registry.npmmirror.com/@esbuild/win32-arm64/-/win32-arm64-0.17.15.tgz}
    name: '@esbuild/win32-arm64'
    version: 0.17.15
    engines: {node: '>=12'}
    cpu: [arm64]
    os: [win32]
    requiresBuild: true
    dev: true
    optional: true

  registry.npmmirror.com/@esbuild/win32-ia32/0.17.15:
    resolution: {integrity: sha512-Muz/+uGgheShKGqSVS1KsHtCyEzcdOn/W/Xbh6H91Etm+wiIfwZaBn1W58MeGtfI8WA961YMHFYTthBdQs4t+w==, registry: https://registry.npm.taobao.org/, tarball: https://registry.npmmirror.com/@esbuild/win32-ia32/-/win32-ia32-0.17.15.tgz}
    name: '@esbuild/win32-ia32'
    version: 0.17.15
    engines: {node: '>=12'}
    cpu: [ia32]
    os: [win32]
    requiresBuild: true
    dev: true
    optional: true

  registry.npmmirror.com/@esbuild/win32-x64/0.17.15:
    resolution: {integrity: sha512-DjDa9ywLUUmjhV2Y9wUTIF+1XsmuFGvZoCmOWkli1XcNAh5t25cc7fgsCx4Zi/Uurep3TTLyDiKATgGEg61pkA==, registry: https://registry.npm.taobao.org/, tarball: https://registry.npmmirror.com/@esbuild/win32-x64/-/win32-x64-0.17.15.tgz}
    name: '@esbuild/win32-x64'
    version: 0.17.15
    engines: {node: '>=12'}
    cpu: [x64]
    os: [win32]
    requiresBuild: true
    dev: true
    optional: true

  registry.npmmirror.com/@types/chai-subset/1.3.3:
    resolution: {integrity: sha512-frBecisrNGz+F4T6bcc+NLeolfiojh5FxW2klu669+8BARtyQv2C/GkNW6FUodVe4BroGMP/wER/YDGc7rEllw==, registry: https://registry.npm.taobao.org/, tarball: https://registry.npmmirror.com/@types/chai-subset/-/chai-subset-1.3.3.tgz}
    name: '@types/chai-subset'
    version: 1.3.3
    dependencies:
      '@types/chai': registry.npmmirror.com/@types/chai/4.3.4
    dev: true

  registry.npmmirror.com/@types/chai/4.3.4:
    resolution: {integrity: sha512-KnRanxnpfpjUTqTCXslZSEdLfXExwgNxYPdiO2WGUj8+HDjFi8R3k5RVKPeSCzLjCcshCAtVO2QBbVuAV4kTnw==, registry: https://registry.npm.taobao.org/, tarball: https://registry.npmmirror.com/@types/chai/-/chai-4.3.4.tgz}
    name: '@types/chai'
    version: 4.3.4
    dev: true

  registry.npmmirror.com/@types/node/18.15.11:
    resolution: {integrity: sha512-E5Kwq2n4SbMzQOn6wnmBjuK9ouqlURrcZDVfbo9ftDDTFt3nk7ZKK4GMOzoYgnpQJKcxwQw+lGaBvvlMo0qN/Q==, registry: https://registry.npm.taobao.org/, tarball: https://registry.npmmirror.com/@types/node/-/node-18.15.11.tgz}
    name: '@types/node'
    version: 18.15.11
    dev: true

  registry.npmmirror.com/@vitest/expect/0.29.8:
    resolution: {integrity: sha512-xlcVXn5I5oTq6NiZSY3ykyWixBxr5mG8HYtjvpgg6KaqHm0mvhX18xuwl5YGxIRNt/A5jidd7CWcNHrSvgaQqQ==, registry: https://registry.npm.taobao.org/, tarball: https://registry.npmmirror.com/@vitest/expect/-/expect-0.29.8.tgz}
    name: '@vitest/expect'
    version: 0.29.8
    dependencies:
      '@vitest/spy': registry.npmmirror.com/@vitest/spy/0.29.8
      '@vitest/utils': registry.npmmirror.com/@vitest/utils/0.29.8
      chai: registry.npmmirror.com/chai/4.3.7
    dev: true

  registry.npmmirror.com/@vitest/runner/0.29.8:
    resolution: {integrity: sha512-FzdhnRDwEr/A3Oo1jtIk/B952BBvP32n1ObMEb23oEJNO+qO5cBet6M2XWIDQmA7BDKGKvmhUf2naXyp/2JEwQ==, registry: https://registry.npm.taobao.org/, tarball: https://registry.npmmirror.com/@vitest/runner/-/runner-0.29.8.tgz}
    name: '@vitest/runner'
    version: 0.29.8
    dependencies:
      '@vitest/utils': registry.npmmirror.com/@vitest/utils/0.29.8
      p-limit: registry.npmmirror.com/p-limit/4.0.0
      pathe: registry.npmmirror.com/pathe/1.1.0
    dev: true

  registry.npmmirror.com/@vitest/spy/0.29.8:
    resolution: {integrity: sha512-VdjBe9w34vOMl5I5mYEzNX8inTxrZ+tYUVk9jxaZJmHFwmDFC/GV3KBFTA/JKswr3XHvZL+FE/yq5EVhb6pSAw==, registry: https://registry.npm.taobao.org/, tarball: https://registry.npmmirror.com/@vitest/spy/-/spy-0.29.8.tgz}
    name: '@vitest/spy'
    version: 0.29.8
    dependencies:
      tinyspy: registry.npmmirror.com/tinyspy/1.1.1
    dev: true

  registry.npmmirror.com/@vitest/utils/0.29.8:
    resolution: {integrity: sha512-qGzuf3vrTbnoY+RjjVVIBYfuWMjn3UMUqyQtdGNZ6ZIIyte7B37exj6LaVkrZiUTvzSadVvO/tJm8AEgbGCBPg==, registry: https://registry.npm.taobao.org/, tarball: https://registry.npmmirror.com/@vitest/utils/-/utils-0.29.8.tgz}
    name: '@vitest/utils'
    version: 0.29.8
    dependencies:
      cli-truncate: registry.npmmirror.com/cli-truncate/3.1.0
      diff: registry.npmmirror.com/diff/5.1.0
      loupe: registry.npmmirror.com/loupe/2.3.6
      pretty-format: registry.npmmirror.com/pretty-format/27.5.1
    dev: true

  registry.npmmirror.com/acorn-walk/8.2.0:
    resolution: {integrity: sha512-k+iyHEuPgSw6SbuDpGQM+06HQUa04DZ3o+F6CSzXMvvI5KMvnaEqXe+YVe555R9nn6GPt404fos4wcgpw12SDA==, registry: https://registry.npm.taobao.org/, tarball: https://registry.npmmirror.com/acorn-walk/-/acorn-walk-8.2.0.tgz}
    name: acorn-walk
    version: 8.2.0
    engines: {node: '>=0.4.0'}
    dev: true

  registry.npmmirror.com/acorn/8.8.2:
    resolution: {integrity: sha512-xjIYgE8HBrkpd/sJqOGNspf8uHG+NOHGOw6a/Urj8taM2EXfdNAH2oFcPeIFfsv3+kz/mJrS5VuMqbNLjCa2vw==, registry: https://registry.npm.taobao.org/, tarball: https://registry.npmmirror.com/acorn/-/acorn-8.8.2.tgz}
    name: acorn
    version: 8.8.2
    engines: {node: '>=0.4.0'}
    hasBin: true
    dev: true

  registry.npmmirror.com/ansi-regex/5.0.1:
    resolution: {integrity: sha512-quJQXlTSUGL2LH9SUXo8VwsY4soanhgo6LNSm84E1LBcE8s3O0wpdiRzyR9z/ZZJMlMWv37qOOb9pdJlMUEKFQ==, registry: https://registry.npm.taobao.org/, tarball: https://registry.npmmirror.com/ansi-regex/-/ansi-regex-5.0.1.tgz}
    name: ansi-regex
    version: 5.0.1
    engines: {node: '>=8'}
    dev: true

  registry.npmmirror.com/ansi-regex/6.0.1:
    resolution: {integrity: sha512-n5M855fKb2SsfMIiFFoVrABHJC8QtHwVx+mHWP3QcEqBHYienj5dHSgjbxtC0WEZXYt4wcD6zrQElDPhFuZgfA==, registry: https://registry.npm.taobao.org/, tarball: https://registry.npmmirror.com/ansi-regex/-/ansi-regex-6.0.1.tgz}
    name: ansi-regex
    version: 6.0.1
    engines: {node: '>=12'}
    dev: true

  registry.npmmirror.com/ansi-styles/5.2.0:
    resolution: {integrity: sha512-Cxwpt2SfTzTtXcfOlzGEee8O+c+MmUgGrNiBcXnuWxuFJHe6a5Hz7qwhwe5OgaSYI0IJvkLqWX1ASG+cJOkEiA==, registry: https://registry.npm.taobao.org/, tarball: https://registry.npmmirror.com/ansi-styles/-/ansi-styles-5.2.0.tgz}
    name: ansi-styles
    version: 5.2.0
    engines: {node: '>=10'}
    dev: true

  registry.npmmirror.com/ansi-styles/6.2.1:
    resolution: {integrity: sha512-bN798gFfQX+viw3R7yrGWRqnrN2oRkEkUjjl4JNn4E8GxxbjtG3FbrEIIY3l8/hrwUwIeCZvi4QuOTP4MErVug==, registry: https://registry.npm.taobao.org/, tarball: https://registry.npmmirror.com/ansi-styles/-/ansi-styles-6.2.1.tgz}
    name: ansi-styles
    version: 6.2.1
    engines: {node: '>=12'}
    dev: true

  registry.npmmirror.com/assertion-error/1.1.0:
    resolution: {integrity: sha512-jgsaNduz+ndvGyFt3uSuWqvy4lCnIJiovtouQN5JZHOKCS2QuhEdbcQHFhVksz2N2U9hXJo8odG7ETyWlEeuDw==, registry: https://registry.npm.taobao.org/, tarball: https://registry.npmmirror.com/assertion-error/-/assertion-error-1.1.0.tgz}
    name: assertion-error
    version: 1.1.0
    dev: true

  registry.npmmirror.com/cac/6.7.14:
    resolution: {integrity: sha512-b6Ilus+c3RrdDk+JhLKUAQfzzgLEPy6wcXqS7f/xe1EETvsDP6GORG7SFuOs6cID5YkqchW/LXZbX5bc8j7ZcQ==, registry: https://registry.npm.taobao.org/, tarball: https://registry.npmmirror.com/cac/-/cac-6.7.14.tgz}
    name: cac
    version: 6.7.14
    engines: {node: '>=8'}
    dev: true

  registry.npmmirror.com/chai/4.3.7:
    resolution: {integrity: sha512-HLnAzZ2iupm25PlN0xFreAlBA5zaBSv3og0DdeGA4Ar6h6rJ3A0rolRUKJhSF2V10GZKDgWF/VmAEsNWjCRB+A==, registry: https://registry.npm.taobao.org/, tarball: https://registry.npmmirror.com/chai/-/chai-4.3.7.tgz}
    name: chai
    version: 4.3.7
    engines: {node: '>=4'}
    dependencies:
      assertion-error: registry.npmmirror.com/assertion-error/1.1.0
      check-error: registry.npmmirror.com/check-error/1.0.2
      deep-eql: registry.npmmirror.com/deep-eql/4.1.3
      get-func-name: registry.npmmirror.com/get-func-name/2.0.0
      loupe: registry.npmmirror.com/loupe/2.3.6
      pathval: registry.npmmirror.com/pathval/1.1.1
      type-detect: registry.npmmirror.com/type-detect/4.0.8
    dev: true

  registry.npmmirror.com/check-error/1.0.2:
    resolution: {integrity: sha512-BrgHpW9NURQgzoNyjfq0Wu6VFO6D7IZEmJNdtgNqpzGG8RuNFHt2jQxWlAs4HMe119chBnv+34syEZtc6IhLtA==, registry: https://registry.npm.taobao.org/, tarball: https://registry.npmmirror.com/check-error/-/check-error-1.0.2.tgz}
    name: check-error
    version: 1.0.2
    dev: true

  registry.npmmirror.com/cli-truncate/3.1.0:
    resolution: {integrity: sha512-wfOBkjXteqSnI59oPcJkcPl/ZmwvMMOj340qUIY1SKZCv0B9Cf4D4fAucRkIKQmsIuYK3x1rrgU7MeGRruiuiA==, registry: https://registry.npm.taobao.org/, tarball: https://registry.npmmirror.com/cli-truncate/-/cli-truncate-3.1.0.tgz}
    name: cli-truncate
    version: 3.1.0
    engines: {node: ^12.20.0 || ^14.13.1 || >=16.0.0}
    dependencies:
      slice-ansi: registry.npmmirror.com/slice-ansi/5.0.0
      string-width: registry.npmmirror.com/string-width/5.1.2
    dev: true

  registry.npmmirror.com/debug/4.3.4:
    resolution: {integrity: sha512-PRWFHuSU3eDtQJPvnNY7Jcket1j0t5OuOsFzPPzsekD52Zl8qUfFIPEiswXqIvHWGVHOgX+7G/vCNNhehwxfkQ==, registry: https://registry.npm.taobao.org/, tarball: https://registry.npmmirror.com/debug/-/debug-4.3.4.tgz}
    name: debug
    version: 4.3.4
    engines: {node: '>=6.0'}
    peerDependencies:
      supports-color: '*'
    peerDependenciesMeta:
      supports-color:
        optional: true
    dependencies:
      ms: registry.npmmirror.com/ms/2.1.2
    dev: true

  registry.npmmirror.com/deep-eql/4.1.3:
    resolution: {integrity: sha512-WaEtAOpRA1MQ0eohqZjpGD8zdI0Ovsm8mmFhaDN8dvDZzyoUMcYDnf5Y6iu7HTXxf8JDS23qWa4a+hKCDyOPzw==, registry: https://registry.npm.taobao.org/, tarball: https://registry.npmmirror.com/deep-eql/-/deep-eql-4.1.3.tgz}
    name: deep-eql
    version: 4.1.3
    engines: {node: '>=6'}
    dependencies:
      type-detect: registry.npmmirror.com/type-detect/4.0.8
    dev: true

  registry.npmmirror.com/diff/5.1.0:
    resolution: {integrity: sha512-D+mk+qE8VC/PAUrlAU34N+VfXev0ghe5ywmpqrawphmVZc1bEfn56uo9qpyGp1p4xpzOHkSW4ztBd6L7Xx4ACw==, registry: https://registry.npm.taobao.org/, tarball: https://registry.npmmirror.com/diff/-/diff-5.1.0.tgz}
    name: diff
    version: 5.1.0
    engines: {node: '>=0.3.1'}
    dev: true

  registry.npmmirror.com/eastasianwidth/0.2.0:
    resolution: {integrity: sha512-I88TYZWc9XiYHRQ4/3c5rjjfgkjhLyW2luGIheGERbNQ6OY7yTybanSpDXZa8y7VUP9YmDcYa+eyq4ca7iLqWA==, registry: https://registry.npm.taobao.org/, tarball: https://registry.npmmirror.com/eastasianwidth/-/eastasianwidth-0.2.0.tgz}
    name: eastasianwidth
    version: 0.2.0
    dev: true

  registry.npmmirror.com/emoji-regex/9.2.2:
    resolution: {integrity: sha512-L18DaJsXSUk2+42pv8mLs5jJT2hqFkFE4j21wOmgbUqsZ2hL72NsUU785g9RXgo3s0ZNgVl42TiHp3ZtOv/Vyg==, registry: https://registry.npm.taobao.org/, tarball: https://registry.npmmirror.com/emoji-regex/-/emoji-regex-9.2.2.tgz}
    name: emoji-regex
    version: 9.2.2
    dev: true

  registry.npmmirror.com/esbuild/0.17.15:
    resolution: {integrity: sha512-LBUV2VsUIc/iD9ME75qhT4aJj0r75abCVS0jakhFzOtR7TQsqQA5w0tZ+KTKnwl3kXE0MhskNdHDh/I5aCR1Zw==, registry: https://registry.npm.taobao.org/, tarball: https://registry.npmmirror.com/esbuild/-/esbuild-0.17.15.tgz}
    name: esbuild
    version: 0.17.15
    engines: {node: '>=12'}
    hasBin: true
    requiresBuild: true
    optionalDependencies:
      '@esbuild/android-arm': registry.npmmirror.com/@esbuild/android-arm/0.17.15
      '@esbuild/android-arm64': registry.npmmirror.com/@esbuild/android-arm64/0.17.15
      '@esbuild/android-x64': registry.npmmirror.com/@esbuild/android-x64/0.17.15
      '@esbuild/darwin-arm64': registry.npmmirror.com/@esbuild/darwin-arm64/0.17.15
      '@esbuild/darwin-x64': registry.npmmirror.com/@esbuild/darwin-x64/0.17.15
      '@esbuild/freebsd-arm64': registry.npmmirror.com/@esbuild/freebsd-arm64/0.17.15
      '@esbuild/freebsd-x64': registry.npmmirror.com/@esbuild/freebsd-x64/0.17.15
      '@esbuild/linux-arm': registry.npmmirror.com/@esbuild/linux-arm/0.17.15
      '@esbuild/linux-arm64': registry.npmmirror.com/@esbuild/linux-arm64/0.17.15
      '@esbuild/linux-ia32': registry.npmmirror.com/@esbuild/linux-ia32/0.17.15
      '@esbuild/linux-loong64': registry.npmmirror.com/@esbuild/linux-loong64/0.17.15
      '@esbuild/linux-mips64el': registry.npmmirror.com/@esbuild/linux-mips64el/0.17.15
      '@esbuild/linux-ppc64': registry.npmmirror.com/@esbuild/linux-ppc64/0.17.15
      '@esbuild/linux-riscv64': registry.npmmirror.com/@esbuild/linux-riscv64/0.17.15
      '@esbuild/linux-s390x': registry.npmmirror.com/@esbuild/linux-s390x/0.17.15
      '@esbuild/linux-x64': registry.npmmirror.com/@esbuild/linux-x64/0.17.15
      '@esbuild/netbsd-x64': registry.npmmirror.com/@esbuild/netbsd-x64/0.17.15
      '@esbuild/openbsd-x64': registry.npmmirror.com/@esbuild/openbsd-x64/0.17.15
      '@esbuild/sunos-x64': registry.npmmirror.com/@esbuild/sunos-x64/0.17.15
      '@esbuild/win32-arm64': registry.npmmirror.com/@esbuild/win32-arm64/0.17.15
      '@esbuild/win32-ia32': registry.npmmirror.com/@esbuild/win32-ia32/0.17.15
      '@esbuild/win32-x64': registry.npmmirror.com/@esbuild/win32-x64/0.17.15
    dev: true

  registry.npmmirror.com/fsevents/2.3.2:
    resolution: {integrity: sha512-xiqMQR4xAeHTuB9uWm+fFRcIOgKBMiOBP+eXiyT7jsgVCq1bkVygt00oASowB7EdtpOHaaPgKt812P9ab+DDKA==, registry: https://registry.npm.taobao.org/, tarball: https://registry.npmmirror.com/fsevents/-/fsevents-2.3.2.tgz}
    name: fsevents
    version: 2.3.2
    engines: {node: ^8.16.0 || ^10.6.0 || >=11.0.0}
    os: [darwin]
    requiresBuild: true
    dev: true
    optional: true

  registry.npmmirror.com/function-bind/1.1.1:
    resolution: {integrity: sha512-yIovAzMX49sF8Yl58fSCWJ5svSLuaibPxXQJFLmBObTuCr0Mf1KiPopGM9NiFjiYBCbfaa2Fh6breQ6ANVTI0A==, registry: https://registry.npm.taobao.org/, tarball: https://registry.npmmirror.com/function-bind/-/function-bind-1.1.1.tgz}
    name: function-bind
    version: 1.1.1
    dev: true

  registry.npmmirror.com/get-func-name/2.0.0:
    resolution: {integrity: sha512-Hm0ixYtaSZ/V7C8FJrtZIuBBI+iSgL+1Aq82zSu8VQNB4S3Gk8e7Qs3VwBDJAhmRZcFqkl3tQu36g/Foh5I5ig==, registry: https://registry.npm.taobao.org/, tarball: https://registry.npmmirror.com/get-func-name/-/get-func-name-2.0.0.tgz}
    name: get-func-name
    version: 2.0.0
    dev: true

  registry.npmmirror.com/has/1.0.3:
    resolution: {integrity: sha512-f2dvO0VU6Oej7RkWJGrehjbzMAjFp5/VKPp5tTpWIV4JHHZK1/BxbFRtf/siA2SWTe09caDmVtYYzWEIbBS4zw==, registry: https://registry.npm.taobao.org/, tarball: https://registry.npmmirror.com/has/-/has-1.0.3.tgz}
    name: has
    version: 1.0.3
    engines: {node: '>= 0.4.0'}
    dependencies:
      function-bind: registry.npmmirror.com/function-bind/1.1.1
    dev: true

  registry.npmmirror.com/is-core-module/2.11.0:
    resolution: {integrity: sha512-RRjxlvLDkD1YJwDbroBHMb+cukurkDWNyHx7D3oNB5x9rb5ogcksMC5wHCadcXoo67gVr/+3GFySh3134zi6rw==, registry: https://registry.npm.taobao.org/, tarball: https://registry.npmmirror.com/is-core-module/-/is-core-module-2.11.0.tgz}
    name: is-core-module
    version: 2.11.0
    dependencies:
      has: registry.npmmirror.com/has/1.0.3
    dev: true

  registry.npmmirror.com/is-fullwidth-code-point/4.0.0:
    resolution: {integrity: sha512-O4L094N2/dZ7xqVdrXhh9r1KODPJpFms8B5sGdJLPy664AgvXsreZUyCQQNItZRDlYug4xStLjNp/sz3HvBowQ==, registry: https://registry.npm.taobao.org/, tarball: https://registry.npmmirror.com/is-fullwidth-code-point/-/is-fullwidth-code-point-4.0.0.tgz}
    name: is-fullwidth-code-point
    version: 4.0.0
    engines: {node: '>=12'}
    dev: true

  registry.npmmirror.com/jsonc-parser/3.2.0:
    resolution: {integrity: sha512-gfFQZrcTc8CnKXp6Y4/CBT3fTc0OVuDofpre4aEeEpSBPV5X5v4+Vmx+8snU7RLPrNHPKSgLxGo9YuQzz20o+w==, registry: https://registry.npm.taobao.org/, tarball: https://registry.npmmirror.com/jsonc-parser/-/jsonc-parser-3.2.0.tgz}
    name: jsonc-parser
    version: 3.2.0
    dev: true

  registry.npmmirror.com/local-pkg/0.4.3:
    resolution: {integrity: sha512-SFppqq5p42fe2qcZQqqEOiVRXl+WCP1MdT6k7BDEW1j++sp5fIY+/fdRQitvKgB5BrBcmrs5m/L0v2FrU5MY1g==, registry: https://registry.npm.taobao.org/, tarball: https://registry.npmmirror.com/local-pkg/-/local-pkg-0.4.3.tgz}
    name: local-pkg
    version: 0.4.3
    engines: {node: '>=14'}
    dev: true

  registry.npmmirror.com/loupe/2.3.6:
    resolution: {integrity: sha512-RaPMZKiMy8/JruncMU5Bt6na1eftNoo++R4Y+N2FrxkDVTrGvcyzFTsaGif4QTeKESheMGegbhw6iUAq+5A8zA==, registry: https://registry.npm.taobao.org/, tarball: https://registry.npmmirror.com/loupe/-/loupe-2.3.6.tgz}
    name: loupe
    version: 2.3.6
    dependencies:
      get-func-name: registry.npmmirror.com/get-func-name/2.0.0
    dev: true

  registry.npmmirror.com/mlly/1.2.0:
    resolution: {integrity: sha512-+c7A3CV0KGdKcylsI6khWyts/CYrGTrRVo4R/I7u/cUsy0Conxa6LUhiEzVKIw14lc2L5aiO4+SeVe4TeGRKww==, registry: https://registry.npm.taobao.org/, tarball: https://registry.npmmirror.com/mlly/-/mlly-1.2.0.tgz}
    name: mlly
    version: 1.2.0
    dependencies:
      acorn: registry.npmmirror.com/acorn/8.8.2
      pathe: registry.npmmirror.com/pathe/1.1.0
      pkg-types: registry.npmmirror.com/pkg-types/1.0.2
      ufo: registry.npmmirror.com/ufo/1.1.1
    dev: true

  registry.npmmirror.com/ms/2.1.2:
    resolution: {integrity: sha512-sGkPx+VjMtmA6MX27oA4FBFELFCZZ4S4XqeGOXCv68tT+jb3vk/RyaKWP0PTKyWtmLSM0b+adUTEvbs1PEaH2w==, registry: https://registry.npm.taobao.org/, tarball: https://registry.npmmirror.com/ms/-/ms-2.1.2.tgz}
    name: ms
    version: 2.1.2
    dev: true

  registry.npmmirror.com/nanoid/3.3.6:
    resolution: {integrity: sha512-BGcqMMJuToF7i1rt+2PWSNVnWIkGCU78jBG3RxO/bZlnZPK2Cmi2QaffxGO/2RvWi9sL+FAiRiXMgsyxQ1DIDA==, registry: https://registry.npm.taobao.org/, tarball: https://registry.npmmirror.com/nanoid/-/nanoid-3.3.6.tgz}
    name: nanoid
    version: 3.3.6
    engines: {node: ^10 || ^12 || ^13.7 || ^14 || >=15.0.1}
    hasBin: true
    dev: true

  registry.npmmirror.com/p-limit/4.0.0:
    resolution: {integrity: sha512-5b0R4txpzjPWVw/cXXUResoD4hb6U/x9BH08L7nw+GN1sezDzPdxeRvpc9c433fZhBan/wusjbCsqwqm4EIBIQ==, registry: https://registry.npm.taobao.org/, tarball: https://registry.npmmirror.com/p-limit/-/p-limit-4.0.0.tgz}
    name: p-limit
    version: 4.0.0
    engines: {node: ^12.20.0 || ^14.13.1 || >=16.0.0}
    dependencies:
      yocto-queue: registry.npmmirror.com/yocto-queue/1.0.0
    dev: true

  registry.npmmirror.com/path-parse/1.0.7:
    resolution: {integrity: sha512-LDJzPVEEEPR+y48z93A0Ed0yXb8pAByGWo/k5YYdYgpY2/2EsOsksJrq7lOHxryrVOn1ejG6oAp8ahvOIQD8sw==, registry: https://registry.npm.taobao.org/, tarball: https://registry.npmmirror.com/path-parse/-/path-parse-1.0.7.tgz}
    name: path-parse
    version: 1.0.7
    dev: true

  registry.npmmirror.com/pathe/1.1.0:
    resolution: {integrity: sha512-ODbEPR0KKHqECXW1GoxdDb+AZvULmXjVPy4rt+pGo2+TnjJTIPJQSVS6N63n8T2Ip+syHhbn52OewKicV0373w==, registry: https://registry.npm.taobao.org/, tarball: https://registry.npmmirror.com/pathe/-/pathe-1.1.0.tgz}
    name: pathe
    version: 1.1.0
    dev: true

  registry.npmmirror.com/pathval/1.1.1:
    resolution: {integrity: sha512-Dp6zGqpTdETdR63lehJYPeIOqpiNBNtc7BpWSLrOje7UaIsE5aY92r/AunQA7rsXvet3lrJ3JnZX29UPTKXyKQ==, registry: https://registry.npm.taobao.org/, tarball: https://registry.npmmirror.com/pathval/-/pathval-1.1.1.tgz}
    name: pathval
    version: 1.1.1
    dev: true

  registry.npmmirror.com/picocolors/1.0.0:
    resolution: {integrity: sha512-1fygroTLlHu66zi26VoTDv8yRgm0Fccecssto+MhsZ0D/DGW2sm8E8AjW7NU5VVTRt5GxbeZ5qBuJr+HyLYkjQ==, registry: https://registry.npm.taobao.org/, tarball: https://registry.npmmirror.com/picocolors/-/picocolors-1.0.0.tgz}
    name: picocolors
    version: 1.0.0
    dev: true

  registry.npmmirror.com/pkg-types/1.0.2:
    resolution: {integrity: sha512-hM58GKXOcj8WTqUXnsQyJYXdeAPbythQgEF3nTcEo+nkD49chjQ9IKm/QJy9xf6JakXptz86h7ecP2024rrLaQ==, registry: https://registry.npm.taobao.org/, tarball: https://registry.npmmirror.com/pkg-types/-/pkg-types-1.0.2.tgz}
    name: pkg-types
    version: 1.0.2
    dependencies:
      jsonc-parser: registry.npmmirror.com/jsonc-parser/3.2.0
      mlly: registry.npmmirror.com/mlly/1.2.0
      pathe: registry.npmmirror.com/pathe/1.1.0
    dev: true

  registry.npmmirror.com/postcss/8.4.21:
    resolution: {integrity: sha512-tP7u/Sn/dVxK2NnruI4H9BG+x+Wxz6oeZ1cJ8P6G/PZY0IKk4k/63TDsQf2kQq3+qoJeLm2kIBUNlZe3zgb4Zg==, registry: https://registry.npm.taobao.org/, tarball: https://registry.npmmirror.com/postcss/-/postcss-8.4.21.tgz}
    name: postcss
    version: 8.4.21
    engines: {node: ^10 || ^12 || >=14}
    dependencies:
      nanoid: registry.npmmirror.com/nanoid/3.3.6
      picocolors: registry.npmmirror.com/picocolors/1.0.0
      source-map-js: registry.npmmirror.com/source-map-js/1.0.2
    dev: true

  registry.npmmirror.com/pretty-format/27.5.1:
    resolution: {integrity: sha512-Qb1gy5OrP5+zDf2Bvnzdl3jsTf1qXVMazbvCoKhtKqVs4/YK4ozX4gKQJJVyNe+cajNPn0KoC0MC3FUmaHWEmQ==, registry: https://registry.npm.taobao.org/, tarball: https://registry.npmmirror.com/pretty-format/-/pretty-format-27.5.1.tgz}
    name: pretty-format
    version: 27.5.1
    engines: {node: ^10.13.0 || ^12.13.0 || ^14.15.0 || >=15.0.0}
    dependencies:
      ansi-regex: registry.npmmirror.com/ansi-regex/5.0.1
      ansi-styles: registry.npmmirror.com/ansi-styles/5.2.0
      react-is: registry.npmmirror.com/react-is/17.0.2
    dev: true

  registry.npmmirror.com/react-is/17.0.2:
    resolution: {integrity: sha512-w2GsyukL62IJnlaff/nRegPQR94C/XXamvMWmSHRJ4y7Ts/4ocGRmTHvOs8PSE6pB3dWOrD/nueuU5sduBsQ4w==, registry: https://registry.npm.taobao.org/, tarball: https://registry.npmmirror.com/react-is/-/react-is-17.0.2.tgz}
    name: react-is
    version: 17.0.2
    dev: true

  registry.npmmirror.com/resolve/1.22.2:
    resolution: {integrity: sha512-Sb+mjNHOULsBv818T40qSPeRiuWLyaGMa5ewydRLFimneixmVy2zdivRl+AF6jaYPC8ERxGDmFSiqui6SfPd+g==, registry: https://registry.npm.taobao.org/, tarball: https://registry.npmmirror.com/resolve/-/resolve-1.22.2.tgz}
    name: resolve
    version: 1.22.2
    hasBin: true
    dependencies:
      is-core-module: registry.npmmirror.com/is-core-module/2.11.0
      path-parse: registry.npmmirror.com/path-parse/1.0.7
      supports-preserve-symlinks-flag: registry.npmmirror.com/supports-preserve-symlinks-flag/1.0.0
    dev: true

  registry.npmmirror.com/rollup/3.20.2:
    resolution: {integrity: sha512-3zwkBQl7Ai7MFYQE0y1MeQ15+9jsi7XxfrqwTb/9EK8D9C9+//EBR4M+CuA1KODRaNbFez/lWxA5vhEGZp4MUg==, registry: https://registry.npm.taobao.org/, tarball: https://registry.npmmirror.com/rollup/-/rollup-3.20.2.tgz}
    name: rollup
    version: 3.20.2
    engines: {node: '>=14.18.0', npm: '>=8.0.0'}
    hasBin: true
    optionalDependencies:
      fsevents: registry.npmmirror.com/fsevents/2.3.2
    dev: true

  registry.npmmirror.com/siginfo/2.0.0:
    resolution: {integrity: sha512-ybx0WO1/8bSBLEWXZvEd7gMW3Sn3JFlW3TvX1nREbDLRNQNaeNN8WK0meBwPdAaOI7TtRRRJn/Es1zhrrCHu7g==, registry: https://registry.npm.taobao.org/, tarball: https://registry.npmmirror.com/siginfo/-/siginfo-2.0.0.tgz}
    name: siginfo
    version: 2.0.0
    dev: true

  registry.npmmirror.com/slice-ansi/5.0.0:
    resolution: {integrity: sha512-FC+lgizVPfie0kkhqUScwRu1O/lF6NOgJmlCgK+/LYxDCTk8sGelYaHDhFcDN+Sn3Cv+3VSa4Byeo+IMCzpMgQ==, registry: https://registry.npm.taobao.org/, tarball: https://registry.npmmirror.com/slice-ansi/-/slice-ansi-5.0.0.tgz}
    name: slice-ansi
    version: 5.0.0
    engines: {node: '>=12'}
    dependencies:
      ansi-styles: registry.npmmirror.com/ansi-styles/6.2.1
      is-fullwidth-code-point: registry.npmmirror.com/is-fullwidth-code-point/4.0.0
    dev: true

  registry.npmmirror.com/source-map-js/1.0.2:
    resolution: {integrity: sha512-R0XvVJ9WusLiqTCEiGCmICCMplcCkIwwR11mOSD9CR5u+IXYdiseeEuXCVAjS54zqwkLcPNnmU4OeJ6tUrWhDw==, registry: https://registry.npm.taobao.org/, tarball: https://registry.npmmirror.com/source-map-js/-/source-map-js-1.0.2.tgz}
    name: source-map-js
    version: 1.0.2
    engines: {node: '>=0.10.0'}
    dev: true

  registry.npmmirror.com/source-map/0.6.1:
    resolution: {integrity: sha512-UjgapumWlbMhkBgzT7Ykc5YXUT46F0iKu8SGXq0bcwP5dz/h0Plj6enJqjz1Zbq2l5WaqYnrVbwWOWMyF3F47g==, registry: https://registry.npm.taobao.org/, tarball: https://registry.npmmirror.com/source-map/-/source-map-0.6.1.tgz}
    name: source-map
    version: 0.6.1
    engines: {node: '>=0.10.0'}
    dev: true

  registry.npmmirror.com/stackback/0.0.2:
    resolution: {integrity: sha512-1XMJE5fQo1jGH6Y/7ebnwPOBEkIEnT4QF32d5R1+VXdXveM0IBMJt8zfaxX1P3QhVwrYe+576+jkANtSS2mBbw==, registry: https://registry.npm.taobao.org/, tarball: https://registry.npmmirror.com/stackback/-/stackback-0.0.2.tgz}
    name: stackback
    version: 0.0.2
    dev: true

  registry.npmmirror.com/std-env/3.3.2:
    resolution: {integrity: sha512-uUZI65yrV2Qva5gqE0+A7uVAvO40iPo6jGhs7s8keRfHCmtg+uB2X6EiLGCI9IgL1J17xGhvoOqSz79lzICPTA==, registry: https://registry.npm.taobao.org/, tarball: https://registry.npmmirror.com/std-env/-/std-env-3.3.2.tgz}
    name: std-env
    version: 3.3.2
    dev: true

  registry.npmmirror.com/string-width/5.1.2:
    resolution: {integrity: sha512-HnLOCR3vjcY8beoNLtcjZ5/nxn2afmME6lhrDrebokqMap+XbeW8n9TXpPDOqdGK5qcI3oT0GKTW6wC7EMiVqA==, registry: https://registry.npm.taobao.org/, tarball: https://registry.npmmirror.com/string-width/-/string-width-5.1.2.tgz}
    name: string-width
    version: 5.1.2
    engines: {node: '>=12'}
    dependencies:
      eastasianwidth: registry.npmmirror.com/eastasianwidth/0.2.0
      emoji-regex: registry.npmmirror.com/emoji-regex/9.2.2
      strip-ansi: registry.npmmirror.com/strip-ansi/7.0.1
    dev: true

  registry.npmmirror.com/strip-ansi/7.0.1:
    resolution: {integrity: sha512-cXNxvT8dFNRVfhVME3JAe98mkXDYN2O1l7jmcwMnOslDeESg1rF/OZMtK0nRAhiari1unG5cD4jG3rapUAkLbw==, registry: https://registry.npm.taobao.org/, tarball: https://registry.npmmirror.com/strip-ansi/-/strip-ansi-7.0.1.tgz}
    name: strip-ansi
    version: 7.0.1
    engines: {node: '>=12'}
    dependencies:
      ansi-regex: registry.npmmirror.com/ansi-regex/6.0.1
    dev: true

  registry.npmmirror.com/strip-literal/1.0.1:
    resolution: {integrity: sha512-QZTsipNpa2Ppr6v1AmJHESqJ3Uz247MUS0OjrnnZjFAvEoWqxuyFuXn2xLgMtRnijJShAa1HL0gtJyUs7u7n3Q==, registry: https://registry.npm.taobao.org/, tarball: https://registry.npmmirror.com/strip-literal/-/strip-literal-1.0.1.tgz}
    name: strip-literal
    version: 1.0.1
    dependencies:
      acorn: registry.npmmirror.com/acorn/8.8.2
    dev: true

  registry.npmmirror.com/supports-preserve-symlinks-flag/1.0.0:
    resolution: {integrity: sha512-ot0WnXS9fgdkgIcePe6RHNk1WA8+muPa6cSjeR3V8K27q9BB1rTE3R1p7Hv0z1ZyAc8s6Vvv8DIyWf681MAt0w==, registry: https://registry.npm.taobao.org/, tarball: https://registry.npmmirror.com/supports-preserve-symlinks-flag/-/supports-preserve-symlinks-flag-1.0.0.tgz}
    name: supports-preserve-symlinks-flag
    version: 1.0.0
    engines: {node: '>= 0.4'}
    dev: true

  registry.npmmirror.com/tinybench/2.4.0:
    resolution: {integrity: sha512-iyziEiyFxX4kyxSp+MtY1oCH/lvjH3PxFN8PGCDeqcZWAJ/i+9y+nL85w99PxVzrIvew/GSkSbDYtiGVa85Afg==, registry: https://registry.npm.taobao.org/, tarball: https://registry.npmmirror.com/tinybench/-/tinybench-2.4.0.tgz}
    name: tinybench
    version: 2.4.0
    dev: true

  registry.npmmirror.com/tinypool/0.4.0:
    resolution: {integrity: sha512-2ksntHOKf893wSAH4z/+JbPpi92esw8Gn9N2deXX+B0EO92hexAVI9GIZZPx7P5aYo5KULfeOSt3kMOmSOy6uA==, registry: https://registry.npm.taobao.org/, tarball: https://registry.npmmirror.com/tinypool/-/tinypool-0.4.0.tgz}
    name: tinypool
    version: 0.4.0
    engines: {node: '>=14.0.0'}
    dev: true

  registry.npmmirror.com/tinyspy/1.1.1:
    resolution: {integrity: sha512-UVq5AXt/gQlti7oxoIg5oi/9r0WpF7DGEVwXgqWSMmyN16+e3tl5lIvTaOpJ3TAtu5xFzWccFRM4R5NaWHF+4g==, registry: https://registry.npm.taobao.org/, tarball: https://registry.npmmirror.com/tinyspy/-/tinyspy-1.1.1.tgz}
    name: tinyspy
    version: 1.1.1
    engines: {node: '>=14.0.0'}
    dev: true

  registry.npmmirror.com/type-detect/4.0.8:
    resolution: {integrity: sha512-0fr/mIH1dlO+x7TlcMy+bIDqKPsw/70tVyeHW787goQjhmqaZe10uwLujubK9q9Lg6Fiho1KUKDYz0Z7k7g5/g==, registry: https://registry.npm.taobao.org/, tarball: https://registry.npmmirror.com/type-detect/-/type-detect-4.0.8.tgz}
    name: type-detect
    version: 4.0.8
    engines: {node: '>=4'}
    dev: true

  registry.npmmirror.com/ufo/1.1.1:
    resolution: {integrity: sha512-MvlCc4GHrmZdAllBc0iUDowff36Q9Ndw/UzqmEKyrfSzokTd9ZCy1i+IIk5hrYKkjoYVQyNbrw7/F8XJ2rEwTg==, registry: https://registry.npm.taobao.org/, tarball: https://registry.npmmirror.com/ufo/-/ufo-1.1.1.tgz}
    name: ufo
    version: 1.1.1
    dev: true

  registry.npmmirror.com/vite-node/0.29.8_@types+node@18.15.11:
    resolution: {integrity: sha512-b6OtCXfk65L6SElVM20q5G546yu10/kNrhg08afEoWlFRJXFq9/6glsvSVY+aI6YeC1tu2TtAqI2jHEQmOmsFw==, registry: https://registry.npm.taobao.org/, tarball: https://registry.npmmirror.com/vite-node/-/vite-node-0.29.8.tgz}
    id: registry.npmmirror.com/vite-node/0.29.8
    name: vite-node
    version: 0.29.8
    engines: {node: '>=v14.16.0'}
    hasBin: true
    dependencies:
      cac: registry.npmmirror.com/cac/6.7.14
      debug: registry.npmmirror.com/debug/4.3.4
      mlly: registry.npmmirror.com/mlly/1.2.0
      pathe: registry.npmmirror.com/pathe/1.1.0
      picocolors: registry.npmmirror.com/picocolors/1.0.0
      vite: registry.npmmirror.com/vite/4.2.1_@types+node@18.15.11
    transitivePeerDependencies:
      - '@types/node'
      - less
      - sass
      - stylus
      - sugarss
      - supports-color
      - terser
    dev: true

  registry.npmmirror.com/vite/4.2.1_@types+node@18.15.11:
    resolution: {integrity: sha512-7MKhqdy0ISo4wnvwtqZkjke6XN4taqQ2TBaTccLIpOKv7Vp2h4Y+NpmWCnGDeSvvn45KxvWgGyb0MkHvY1vgbg==, registry: https://registry.npm.taobao.org/, tarball: https://registry.npmmirror.com/vite/-/vite-4.2.1.tgz}
    id: registry.npmmirror.com/vite/4.2.1
    name: vite
    version: 4.2.1
    engines: {node: ^14.18.0 || >=16.0.0}
    hasBin: true
    peerDependencies:
      '@types/node': '>= 14'
      less: '*'
      sass: '*'
      stylus: '*'
      sugarss: '*'
      terser: ^5.4.0
    peerDependenciesMeta:
      '@types/node':
        optional: true
      less:
        optional: true
      sass:
        optional: true
      stylus:
        optional: true
      sugarss:
        optional: true
      terser:
        optional: true
    dependencies:
      '@types/node': registry.npmmirror.com/@types/node/18.15.11
      esbuild: registry.npmmirror.com/esbuild/0.17.15
      postcss: registry.npmmirror.com/postcss/8.4.21
      resolve: registry.npmmirror.com/resolve/1.22.2
      rollup: registry.npmmirror.com/rollup/3.20.2
    optionalDependencies:
      fsevents: registry.npmmirror.com/fsevents/2.3.2
    dev: true

  registry.npmmirror.com/vitest/0.29.8:
    resolution: {integrity: sha512-JIAVi2GK5cvA6awGpH0HvH/gEG9PZ0a/WoxdiV3PmqK+3CjQMf8c+J/Vhv4mdZ2nRyXFw66sAg6qz7VNkaHfDQ==, registry: https://registry.npm.taobao.org/, tarball: https://registry.npmmirror.com/vitest/-/vitest-0.29.8.tgz}
    name: vitest
    version: 0.29.8
    engines: {node: '>=v14.16.0'}
    hasBin: true
    peerDependencies:
      '@edge-runtime/vm': '*'
      '@vitest/browser': '*'
      '@vitest/ui': '*'
      happy-dom: '*'
      jsdom: '*'
      playwright: '*'
      safaridriver: '*'
      webdriverio: '*'
    peerDependenciesMeta:
      '@edge-runtime/vm':
        optional: true
      '@vitest/browser':
        optional: true
      '@vitest/ui':
        optional: true
      happy-dom:
        optional: true
      jsdom:
        optional: true
      playwright:
        optional: true
      safaridriver:
        optional: true
      webdriverio:
        optional: true
    dependencies:
      '@types/chai': registry.npmmirror.com/@types/chai/4.3.4
      '@types/chai-subset': registry.npmmirror.com/@types/chai-subset/1.3.3
      '@types/node': registry.npmmirror.com/@types/node/18.15.11
      '@vitest/expect': registry.npmmirror.com/@vitest/expect/0.29.8
      '@vitest/runner': registry.npmmirror.com/@vitest/runner/0.29.8
      '@vitest/spy': registry.npmmirror.com/@vitest/spy/0.29.8
      '@vitest/utils': registry.npmmirror.com/@vitest/utils/0.29.8
      acorn: registry.npmmirror.com/acorn/8.8.2
      acorn-walk: registry.npmmirror.com/acorn-walk/8.2.0
      cac: registry.npmmirror.com/cac/6.7.14
      chai: registry.npmmirror.com/chai/4.3.7
      debug: registry.npmmirror.com/debug/4.3.4
      local-pkg: registry.npmmirror.com/local-pkg/0.4.3
      pathe: registry.npmmirror.com/pathe/1.1.0
      picocolors: registry.npmmirror.com/picocolors/1.0.0
      source-map: registry.npmmirror.com/source-map/0.6.1
      std-env: registry.npmmirror.com/std-env/3.3.2
      strip-literal: registry.npmmirror.com/strip-literal/1.0.1
      tinybench: registry.npmmirror.com/tinybench/2.4.0
      tinypool: registry.npmmirror.com/tinypool/0.4.0
      tinyspy: registry.npmmirror.com/tinyspy/1.1.1
      vite: registry.npmmirror.com/vite/4.2.1_@types+node@18.15.11
      vite-node: registry.npmmirror.com/vite-node/0.29.8_@types+node@18.15.11
      why-is-node-running: registry.npmmirror.com/why-is-node-running/2.2.2
    transitivePeerDependencies:
      - less
      - sass
      - stylus
      - sugarss
      - supports-color
      - terser
    dev: true

  registry.npmmirror.com/why-is-node-running/2.2.2:
    resolution: {integrity: sha512-6tSwToZxTOcotxHeA+qGCq1mVzKR3CwcJGmVcY+QE8SHy6TnpFnh8PAvPNHYr7EcuVeG0QSMxtYCuO1ta/G/oA==, registry: https://registry.npm.taobao.org/, tarball: https://registry.npmmirror.com/why-is-node-running/-/why-is-node-running-2.2.2.tgz}
    name: why-is-node-running
    version: 2.2.2
    engines: {node: '>=8'}
    hasBin: true
    dependencies:
      siginfo: registry.npmmirror.com/siginfo/2.0.0
      stackback: registry.npmmirror.com/stackback/0.0.2
    dev: true

  registry.npmmirror.com/yocto-queue/1.0.0:
    resolution: {integrity: sha512-9bnSc/HEW2uRy67wc+T8UwauLuPJVn28jb+GtJY16iiKWyvmYJRXVT4UamsAEGQfPohgr2q4Tq0sQbQlxTfi1g==, registry: https://registry.npm.taobao.org/, tarball: https://registry.npmmirror.com/yocto-queue/-/yocto-queue-1.0.0.tgz}
    name: yocto-queue
    version: 1.0.0
    engines: {node: '>=12.20'}
    dev: true
