lockfileVersion: 5.4

specifiers:
  happy-dom: ^9.20.3

devDependencies:
  happy-dom: registry.npmmirror.com/happy-dom/9.20.3

packages:

  registry.npmmirror.com/css.escape/1.5.1:
    resolution: {integrity: sha512-YUifsXXuknHlUsmlgyY0PKzgPOr7/FjCePfHNt0jxm83wHZi44VDMQ7/fGNkjY3/jV1MC+1CmZbaHzugyeRtpg==, registry: https://registry.npm.taobao.org/, tarball: https://registry.npmmirror.com/css.escape/-/css.escape-1.5.1.tgz}
    name: css.escape
    version: 1.5.1
    dev: true

  registry.npmmirror.com/entities/4.5.0:
    resolution: {integrity: sha512-V0hjH4dGPh9Ao5p0MoRY6BVqtwCjhz6vI5LT8AJ55H+4g9/4vbHx1I54fS0XuclLhDHArPQCiMjDxjaL8fPxhw==, registry: https://registry.npm.taobao.org/, tarball: https://registry.npmmirror.com/entities/-/entities-4.5.0.tgz}
    name: entities
    version: 4.5.0
    engines: {node: '>=0.12'}
    dev: true

  registry.npmmirror.com/happy-dom/9.20.3:
    resolution: {integrity: sha512-eBsgauT435fXFvQDNcmm5QbGtYzxEzOaX35Ia+h6yP/wwa4xSWZh1CfP+mGby8Hk6Xu59mTkpyf72rUXHNxY7A==, registry: https://registry.npm.taobao.org/, tarball: https://registry.npmmirror.com/happy-dom/-/happy-dom-9.20.3.tgz}
    name: happy-dom
    version: 9.20.3
    dependencies:
      css.escape: registry.npmmirror.com/css.escape/1.5.1
      entities: registry.npmmirror.com/entities/4.5.0
      iconv-lite: registry.npmmirror.com/iconv-lite/0.6.3
      webidl-conversions: registry.npmmirror.com/webidl-conversions/7.0.0
      whatwg-encoding: registry.npmmirror.com/whatwg-encoding/2.0.0
      whatwg-mimetype: registry.npmmirror.com/whatwg-mimetype/3.0.0
    dev: true

  registry.npmmirror.com/iconv-lite/0.6.3:
    resolution: {integrity: sha512-4fCk79wshMdzMp2rH06qWrJE4iolqLhCUH+OiuIgU++RB0+94NlDL81atO7GX55uUKueo0txHNtvEyI6D7WdMw==, registry: https://registry.npm.taobao.org/, tarball: https://registry.npmmirror.com/iconv-lite/-/iconv-lite-0.6.3.tgz}
    name: iconv-lite
    version: 0.6.3
    engines: {node: '>=0.10.0'}
    dependencies:
      safer-buffer: registry.npmmirror.com/safer-buffer/2.1.2
    dev: true

  registry.npmmirror.com/safer-buffer/2.1.2:
    resolution: {integrity: sha512-YZo3K82SD7Riyi0E1EQPojLz7kpepnSQI9IyPbHHg1XXXevb5dJI7tpyN2ADxGcQbHG7vcyRHk0cbwqcQriUtg==, registry: https://registry.npm.taobao.org/, tarball: https://registry.npmmirror.com/safer-buffer/-/safer-buffer-2.1.2.tgz}
    name: safer-buffer
    version: 2.1.2
    dev: true

  registry.npmmirror.com/webidl-conversions/7.0.0:
    resolution: {integrity: sha512-VwddBukDzu71offAQR975unBIGqfKZpM+8ZX6ySk8nYhVoo5CYaZyzt3YBvYtRtO+aoGlqxPg/B87NGVZ/fu6g==, registry: https://registry.npm.taobao.org/, tarball: https://registry.npmmirror.com/webidl-conversions/-/webidl-conversions-7.0.0.tgz}
    name: webidl-conversions
    version: 7.0.0
    engines: {node: '>=12'}
    dev: true

  registry.npmmirror.com/whatwg-encoding/2.0.0:
    resolution: {integrity: sha512-p41ogyeMUrw3jWclHWTQg1k05DSVXPLcVxRTYsXUk+ZooOCZLcoYgPZ/HL/D/N+uQPOtcp1me1WhBEaX02mhWg==, registry: https://registry.npm.taobao.org/, tarball: https://registry.npmmirror.com/whatwg-encoding/-/whatwg-encoding-2.0.0.tgz}
    name: whatwg-encoding
    version: 2.0.0
    engines: {node: '>=12'}
    dependencies:
      iconv-lite: registry.npmmirror.com/iconv-lite/0.6.3
    dev: true

  registry.npmmirror.com/whatwg-mimetype/3.0.0:
    resolution: {integrity: sha512-nt+N2dzIutVRxARx1nghPKGv1xHikU7HKdfafKkLNLindmPU/ch3U31NOCGGA/dmPcmb1VlofO0vnKAcsm0o/Q==, registry: https://registry.npm.taobao.org/, tarball: https://registry.npmmirror.com/whatwg-mimetype/-/whatwg-mimetype-3.0.0.tgz}
    name: whatwg-mimetype
    version: 3.0.0
    engines: {node: '>=12'}
    dev: true
